// !$*UTF8*$!
{
	archiveVersion = 1;
	classes = {
	};
	objectVersion = 50;
	objects = {

/* Begin PBXBuildFile section */
		13746D9B2369F656008CAA30 /* AppDelegate.swift in Sources */ = {isa = PBXBuildFile; fileRef = 13746D9A2369F656008CAA30 /* AppDelegate.swift */; };
		13746D9D2369F656008CAA30 /* SceneDelegate.swift in Sources */ = {isa = PBXBuildFile; fileRef = 13746D9C2369F656008CAA30 /* SceneDelegate.swift */; };
		13746D9F2369F656008CAA30 /* ViewController.swift in Sources */ = {isa = PBXBuildFile; fileRef = 13746D9E2369F656008CAA30 /* ViewController.swift */; };
		13746DA22369F656008CAA30 /* Main.storyboard in Resources */ = {isa = PBXBuildFile; fileRef = 13746DA02369F656008CAA30 /* Main.storyboard */; };
		13746DA42369F659008CAA30 /* Assets.xcassets in Resources */ = {isa = PBXBuildFile; fileRef = 13746DA32369F659008CAA30 /* Assets.xcassets */; };
		13746DA72369F659008CAA30 /* LaunchScreen.storyboard in Resources */ = {isa = PBXBuildFile; fileRef = 13746DA52369F659008CAA30 /* LaunchScreen.storyboard */; };
/* End PBXBuildFile section */

/* Begin PBXFileReference section */
		13746D972369F656008CAA30 /* randomColorGame.app */ = {isa = PBXFileReference; explicitFileType = wrapper.application; includeInIndex = 0; path = randomColorGame.app; sourceTree = BUILT_PRODUCTS_DIR; };
		13746D9A2369F656008CAA30 /* AppDelegate.swift */ = {isa = PBXFileReference; lastKnownFileType = sourcecode.swift; path = AppDelegate.swift; sourceTree = "<group>"; };
		13746D9C2369F656008CAA30 /* SceneDelegate.swift */ = {isa = PBXFileReference; lastKnownFileType = sourcecode.swift; path = SceneDelegate.swift; sourceTree = "<group>"; };
		13746D9E2369F656008CAA30 /* ViewController.swift */ = {isa = PBXFileReference; lastKnownFileType = sourcecode.swift; path = ViewController.swift; sourceTree = "<group>"; };
		13746DA12369F656008CAA30 /* Base */ = {isa = PBXFileReference; lastKnownFileType = file.storyboard; name = Base; path = Base.lproj/Main.storyboard; sourceTree = "<group>"; };
		13746DA32369F659008CAA30 /* Assets.xcassets */ = {isa = PBXFileReference; lastKnownFileType = folder.assetcatalog; path = Assets.xcassets; sourceTree = "<group>"; };
		13746DA62369F659008CAA30 /* Base */ = {isa = PBXFileReference; lastKnownFileType = file.storyboard; name = Base; path = Base.lproj/LaunchScreen.storyboard; sourceTree = "<group>"; };
		13746DA82369F659008CAA30 /* Info.plist */ = {isa = PBXFileReference; lastKnownFileType = text.plist.xml; path = Info.plist; sourceTree = "<group>"; };
/* End PBXFileReference section */

/* Begin PBXFrameworksBuildPhase section */
		13746D942369F656008CAA30 /* Frameworks */ = {
			isa = PBXFrameworksBuildPhase;
			buildActionMask = 2147483647;
			files = (
			);
			runOnlyForDeploymentPostprocessing = 0;
		};
/* End PBXFrameworksBuildPhase section */

/* Begin PBXGroup section */
		13746D8E2369F656008CAA30 = {
			isa = PBXGroup;
			children = (
				13746D992369F656008CAA30 /* randomColorGame */,
				13746D982369F656008CAA30 /* Products */,
			);
			sourceTree = "<group>";
		};
		13746D982369F656008CAA30 /* Products */ = {
			isa = PBXGroup;
			children = (
				13746D972369F656008CAA30 /* randomColorGame.app */,
			);
			name = Products;
			sourceTree = "<group>";
		};
		13746D992369F656008CAA30 /* randomColorGame */ = {
			isa = PBXGroup;
			children = (
				13746D9A2369F656008CAA30 /* AppDelegate.swift */,
				13746D9C2369F656008CAA30 /* SceneDelegate.swift */,
				13746D9E2369F656008CAA30 /* ViewController.swift */,
				13746DA02369F656008CAA30 /* Main.storyboard */,
				13746DA32369F659008CAA30 /* Assets.xcassets */,
				13746DA52369F659008CAA30 /* LaunchScreen.storyboard */,
				13746DA82369F659008CAA30 /* Info.plist */,
			);
			path = randomColorGame;
			sourceTree = "<group>";
		};
/* End PBXGroup section */

/* Begin PBXNativeTarget section */
		13746D962369F656008CAA30 /* randomColorGame */ = {
			isa = PBXNativeTarget;
			buildConfigurationList = 13746DAB2369F659008CAA30 /* Build configuration list for PBXNativeTarget "randomColorGame" */;
			buildPhases = (
				13746D932369F656008CAA30 /* Sources */,
				13746D942369F656008CAA30 /* Frameworks */,
				13746D952369F656008CAA30 /* Resources */,
			);
			buildRules = (
			);
			dependencies = (
			);
			name = randomColorGame;
			productName = randomColorGame;
			productReference = 13746D972369F656008CAA30 /* randomColorGame.app */;
			productType = "com.apple.product-type.application";
		};
/* End PBXNativeTarget section */

/* Begin PBXProject section */
		13746D8F2369F656008CAA30 /* Project object */ = {
			isa = PBXProject;
			attributes = {
				LastSwiftUpdateCheck = 1100;
				LastUpgradeCheck = 1100;
				ORGANIZATIONNAME = "Christian Hurtado";
				TargetAttributes = {
					13746D962369F656008CAA30 = {
						CreatedOnToolsVersion = 11.0;
					};
				};
			};
			buildConfigurationList = 13746D922369F656008CAA30 /* Build configuration list for PBXProject "randomColorGame" */;
			compatibilityVersion = "Xcode 9.3";
			developmentRegion = en;
			hasScannedForEncodings = 0;
			knownRegions = (
				en,
				Base,
			);
			mainGroup = 13746D8E2369F656008CAA30;
			productRefGroup = 13746D982369F656008CAA30 /* Products */;
			projectDirPath = "";
			projectRoot = "";
			targets = (
				13746D962369F656008CAA30 /* randomColorGame */,
			);
		};
/* End PBXProject section */

/* Begin PBXResourcesBuildPhase section */
		13746D952369F656008CAA30 /* Resources */ = {
			isa = PBXResourcesBuildPhase;
			buildActionMask = 2147483647;
			files = (
				13746DA72369F659008CAA30 /* LaunchScreen.storyboard in Resources */,
				13746DA42369F659008CAA30 /* Assets.xcassets in Resources */,
				13746DA22369F656008CAA30 /* Main.storyboard in Resources */,
			);
			runOnlyForDeploymentPostprocessing = 0;
		};
/* End PBXResourcesBuildPhase section */

/* Begin PBXSourcesBuildPhase section */
		13746D932369F656008CAA30 /* Sources */ = {
			isa = PBXSourcesBuildPhase;
			buildActionMask = 2147483647;
			files = (
				13746D9F2369F656008CAA30 /* ViewController.swift in Sources */,
				13746D9B2369F656008CAA30 /* AppDelegate.swift in Sources */,
				13746D9D2369F656008CAA30 /* SceneDelegate.swift in Sources */,
			);
			runOnlyForDeploymentPostprocessing = 0;
		};
/* End PBXSourcesBuildPhase section */

/* Begin PBXVariantGroup section */
		13746DA02369F656008CAA30 /* Main.storyboard */ = {
			isa = PBXVariantGroup;
			children = (
				13746DA12369F656008CAA30 /* Base */,
			);
			name = Main.storyboard;
			sourceTree = "<group>";
		};
		13746DA52369F659008CAA30 /* LaunchScreen.storyboard */ = {
			isa = PBXVariantGroup;
			children = (
				13746DA62369F659008CAA30 /* Base */,
			);
			name = LaunchScreen.storyboard;
			sourceTree = "<group>";
		};
/* End PBXVariantGroup section */

/* Begin XCBuildConfiguration section */
		13746DA92369F659008CAA30 /* Debug */ = {
			isa = XCBuildConfiguration;
			buildSettings = {
				ALWAYS_SEARCH_USER_PATHS = NO;
				CLANG_ANALYZER_NONNULL = YES;
				CLANG_ANALYZER_NUMBER_OBJECT_CONVERSION = YES_AGGRESSIVE;
				CLANG_CXX_LANGUAGE_STANDARD = "gnu++14";
				CLANG_CXX_LIBRARY = "libc++";
				CLANG_ENABLE_MODULES = YES;
				CLANG_ENABLE_OBJC_ARC = YES;
				CLANG_ENABLE_OBJC_WEAK = YES;
				CLANG_WARN_BLOCK_CAPTURE_AUTORELEASING = YES;
				CLANG_WARN_BOOL_CONVERSION = YES;
				CLANG_WARN_COMMA = YES;
				CLANG_WARN_CONSTANT_CONVERSION = YES;
				CLANG_WARN_DEPRECATED_OBJC_IMPLEMENTATIONS = YES;
				CLANG_WARN_DIRECT_OBJC_ISA_USAGE = YES_ERROR;
				CLANG_WARN_DOCUMENTATION_COMMENTS = YES;
				CLANG_WARN_EMPTY_BODY = YES;
				CLANG_WARN_ENUM_CONVERSION = YES;
				CLANG_WARN_INFINITE_RECURSION = YES;
				CLANG_WARN_INT_CONVERSION = YES;
				CLANG_WARN_NON_LITERAL_NULL_CONVERSION = YES;
				CLANG_WARN_OBJC_IMPLICIT_RETAIN_SELF = YES;
				CLANG_WARN_OBJC_LITERAL_CONVERSION = YES;
				CLANG_WARN_OBJC_ROOT_CLASS = YES_ERROR;
				CLANG_WARN_RANGE_LOOP_ANALYSIS = YES;
				CLANG_WARN_STRICT_PROTOTYPES = YES;
				CLANG_WARN_SUSPICIOUS_MOVE = YES;
				CLANG_WARN_UNGUARDED_AVAILABILITY = YES_AGGRESSIVE;
				CLANG_WARN_UNREACHABLE_CODE = YES;
				CLANG_WARN__DUPLICATE_METHOD_MATCH = YES;
				COPY_PHASE_STRIP = NO;
				DEBUG_INFORMATION_FORMAT = dwarf;
				ENABLE_STRICT_OBJC_MSGSEND = YES;
				ENABLE_TESTABILITY = YES;
				GCC_C_LANGUAGE_STANDARD = gnu11;
				GCC_DYNAMIC_NO_PIC = NO;
				GCC_NO_COMMON_BLOCKS = YES;
				GCC_OPTIMIZATION_LEVEL = 0;
				GCC_PREPROCESSOR_DEFINITIONS = (
					"DEBUG=1",
					"$(inherited)",
				);
				GCC_WARN_64_TO_32_BIT_CONVERSION = YES;
				GCC_WARN_ABOUT_RETURN_TYPE = YES_ERROR;
				GCC_WARN_UNDECLARED_SELECTOR = YES;
				GCC_WARN_UNINITIALIZED_AUTOS = YES_AGGRESSIVE;
				GCC_WARN_UNUSED_FUNCTION = YES;
				GCC_WARN_UNUSED_VARIABLE = YES;
				IPHONEOS_DEPLOYMENT_TARGET = 13.0;
				MTL_ENABLE_DEBUG_INFO = INCLUDE_SOURCE;
				MTL_FAST_MATH = YES;
				ONLY_ACTIVE_ARCH = YES;
				SDKROOT = iphoneos;
				SWIFT_ACTIVE_COMPILATION_CONDITIONS = DEBUG;
				SWIFT_OPTIMIZATION_LEVEL = "-Onone";
			};
			name = Debug;
		};
		13746DAA2369F659008CAA30 /* Release */ = {
			isa = XCBuildConfiguration;
			buildSettings = {
				ALWAYS_SEARCH_USER_PATHS = NO;
				CLANG_ANALYZER_NONNULL = YES;
				CLANG_ANALYZER_NUMBER_OBJECT_CONVERSION = YES_AGGRESSIVE;
				CLANG_CXX_LANGUAGE_STANDARD = "gnu++14";
				CLANG_CXX_LIBRARY = "libc++";
				CLANG_ENABLE_MODULES = YES;
				CLANG_ENABLE_OBJC_ARC = YES;
				CLANG_ENABLE_OBJC_WEAK = YES;
				CLANG_WARN_BLOCK_CAPTURE_AUTORELEASING = YES;
				CLANG_WARN_BOOL_CONVERSION = YES;
				CLANG_WARN_COMMA = YES;
				CLANG_WARN_CONSTANT_CONVERSION = YES;
				CLANG_WARN_DEPRECATED_OBJC_IMPLEMENTATIONS = YES;
				CLANG_WARN_DIRECT_OBJC_ISA_USAGE = YES_ERROR;
				CLANG_WARN_DOCUMENTATION_COMMENTS = YES;
				CLANG_WARN_EMPTY_BODY = YES;
				CLANG_WARN_ENUM_CONVERSION = YES;
				CLANG_WARN_INFINITE_RECURSION = YES;
				CLANG_WARN_INT_CONVERSION = YES;
				CLANG_WARN_NON_LITERAL_NULL_CONVERSION = YES;
				CLANG_WARN_OBJC_IMPLICIT_RETAIN_SELF = YES;
				CLANG_WARN_OBJC_LITERAL_CONVERSION = YES;
				CLANG_WARN_OBJC_ROOT_CLASS = YES_ERROR;
				CLANG_WARN_RANGE_LOOP_ANALYSIS = YES;
				CLANG_WARN_STRICT_PROTOTYPES = YES;
				CLANG_WARN_SUSPICIOUS_MOVE = YES;
				CLANG_WARN_UNGUARDED_AVAILABILITY = YES_AGGRESSIVE;
				CLANG_WARN_UNREACHABLE_CODE = YES;
				CLANG_WARN__DUPLICATE_METHOD_MATCH = YES;
				COPY_PHASE_STRIP = NO;
				DEBUG_INFORMATION_FORMAT = "dwarf-with-dsym";
				ENABLE_NS_ASSERTIONS = NO;
				ENABLE_STRICT_OBJC_MSGSEND = YES;
				GCC_C_LANGUAGE_STANDARD = gnu11;
				GCC_NO_COMMON_BLOCKS = YES;
				GCC_WARN_64_TO_32_BIT_CONVERSION = YES;
				GCC_WARN_ABOUT_RETURN_TYPE = YES_ERROR;
				GCC_WARN_UNDECLARED_SELECTOR = YES;
				GCC_WARN_UNINITIALIZED_AUTOS = YES_AGGRESSIVE;
				GCC_WARN_UNUSED_FUNCTION = YES;
				GCC_WARN_UNUSED_VARIABLE = YES;
				IPHONEOS_DEPLOYMENT_TARGET = 13.0;
				MTL_ENABLE_DEBUG_INFO = NO;
				MTL_FAST_MATH = YES;
				SDKROOT = iphoneos;
				SWIFT_COMPILATION_MODE = wholemodule;
				SWIFT_OPTIMIZATION_LEVEL = "-O";
				VALIDATE_PRODUCT = YES;
			};
			name = Release;
		};
		13746DAC2369F659008CAA30 /* Debug */ = {
			isa = XCBuildConfiguration;
			buildSettings = {
				ASSETCATALOG_COMPILER_APPICON_NAME = AppIcon;
				CODE_SIGN_STYLE = Automatic;
				DEVELOPMENT_TEAM = 5YYJ8TDUCW;
				INFOPLIST_FILE = randomColorGame/Info.plist;
				LD_RUNPATH_SEARCH_PATHS = (
					"$(inherited)",
					"@executable_path/Frameworks",
				);
				PRODUCT_BUNDLE_IDENTIFIER = com.christianhurtado.randomColorGame;
				PRODUCT_NAME = "$(TARGET_NAME)";
				SWIFT_VERSION = 5.0;
				TARGETED_DEVICE_FAMILY = "1,2";
			};
			name = Debug;
		};
		13746DAD2369F659008CAA30 /* Release */ = {
			isa = XCBuildConfiguration;
			buildSettings = {
				ASSETCATALOG_COMPILER_APPICON_NAME = AppIcon;
				CODE_SIGN_STYLE = Automatic;
				DEVELOPMENT_TEAM = 5YYJ8TDUCW;
				INFOPLIST_FILE = randomColorGame/Info.plist;
				LD_RUNPATH_SEARCH_PATHS = (
					"$(inherited)",
					"@executable_path/Frameworks",
				);
				PRODUCT_BUNDLE_IDENTIFIER = com.christianhurtado.randomColorGame;
				PRODUCT_NAME = "$(TARGET_NAME)";
				SWIFT_VERSION = 5.0;
				TARGETED_DEVICE_FAMILY = "1,2";
			};
			name = Release;
		};
/* End XCBuildConfiguration section */

/* Begin XCConfigurationList section */
		13746D922369F656008CAA30 /* Build configuration list for PBXProject "randomColorGame" */ = {
			isa = XCConfigurationList;
			buildConfigurations = (
				13746DA92369F659008CAA30 /* Debug */,
				13746DAA2369F659008CAA30 /* Release */,
			);
			defaultConfigurationIsVisible = 0;
			defaultConfigurationName = Release;
		};
		13746DAB2369F659008CAA30 /* Build configuration list for PBXNativeTarget "randomColorGame" */ = {
			isa = XCConfigurationList;
			buildConfigurations = (
				13746DAC2369F659008CAA30 /* Debug */,
				13746DAD2369F659008CAA30 /* Release */,
			);
			defaultConfigurationIsVisible = 0;
			defaultConfigurationName = Release;
		};
/* End XCConfigurationList section */
	};
	rootObject = 13746D8F2369F656008CAA30 /* Project object */;
}
